
Microsoft Visual Studio Solution File, Format Version 12.00
# Visual Studio Version 16
VisualStudioVersion = 16.0.31019.35
MinimumVisualStudioVersion = 10.0.40219.1
Project("{FAE04EC0-301F-11D3-BF4B-00C04F79EFBC}") = "ShadesSpecChecker", "ShadesSpecChecker\ShadesSpecChecker.csproj", "{49450B8F-D958-492F-81DA-336269C77439}"
EndProject
Global
	GlobalSection(SolutionConfigurationPlatforms) = preSolution
		Debug|Any CPU = Debug|Any CPU
		Release|Any CPU = Release|Any CPU
	EndGlobalSection
	GlobalSection(ProjectConfigurationPlatforms) = postSolution
		{49450B8F-D958-492F-81DA-336269C77439}.Debug|Any CPU.ActiveCfg = Debug|Any CPU
		{49450B8F-D958-492F-81DA-336269C77439}.Debug|Any CPU.Build.0 = Debug|Any CPU
		{49450B8F-D958-492F-81DA-336269C77439}.Release|Any CPU.ActiveCfg = Release|Any CPU
		{49450B8F-D958-492F-81DA-336269C77439}.Release|Any CPU.Build.0 = Release|Any CPU
	EndGlobalSection
	GlobalSection(SolutionProperties) = preSolution
		HideSolutionNode = FALSE
	EndGlobalSection
	GlobalSection(ExtensibilityGlobals) = postSolution
		SolutionGuid = {840C6C57-FFE1-404C-B882-EC92B9F2D29D}
	EndGlobalSection
EndGlobal
